
Microsoft Visual Studio Solution File, Format Version 12.00
# Visual Studio Version 17
VisualStudioVersion = 17.1.32210.238
MinimumVisualStudioVersion = 10.0.40219.1
Project("{9A19103F-16F7-4668-BE54-9A1E7A4F7556}") = "OcelotAPIGateway", "OcelotAPIGateway\OcelotAPIGateway.csproj", "{FB1CCC2A-7FF1-46A7-8C97-AC5829EDCDED}"
EndProject
Project("{9A19103F-16F7-4668-BE54-9A1E7A4F7556}") = "ACI.Products", "ACI.Products\ACI.Products.csproj", "{4220F943-46E9-461D-A3E3-0C2816077EEE}"
EndProject
Project("{9A19103F-16F7-4668-BE54-9A1E7A4F7556}") = "ProductService", "ProductService\ProductService.csproj", "{B7A4974C-85F7-4B96-8667-F77F8897711D}"
EndProject
Project("{9A19103F-16F7-4668-BE54-9A1E7A4F7556}") = "ACI.Shared", "ACI.Shared\ACI.Shared.csproj", "{D3CC8E68-2C05-44B1-8CB3-7359A9965DB2}"
EndProject
Project("{9A19103F-16F7-4668-BE54-9A1E7A4F7556}") = "ACI.Products.Test.Integration", "ACI.Products.Test.Integration\ACI.Products.Test.Integration.csproj", "{636CD5E2-C10B-4ED2-921E-49C7A5BC5E3A}"
EndProject
Project("{9A19103F-16F7-4668-BE54-9A1E7A4F7556}") = "ACI.Products.Test.Unit", "ACI.Products.Test.Unit\ACI.Products.Test.Unit.csproj", "{18B6FDBC-0A83-45DC-B290-ED81D6DE99D6}"
EndProject
Project("{9A19103F-16F7-4668-BE54-9A1E7A4F7556}") = "ACI.Reservations", "ACI.Reservations\ACI.Reservations.csproj", "{06E12AFE-BE3D-49F0-9BAB-C477B39C2C0C}"
	ProjectSection(ProjectDependencies) = postProject
		{D3CC8E68-2C05-44B1-8CB3-7359A9965DB2} = {D3CC8E68-2C05-44B1-8CB3-7359A9965DB2}
	EndProjectSection
EndProject
Project("{9A19103F-16F7-4668-BE54-9A1E7A4F7556}") = "ACI.Reservations.Test.Unit", "ACI.Reservations.Test.Unit\ACI.Reservations.Test.Unit.csproj", "{C61F292D-BE70-483A-A9EC-490317F3B6F9}"
EndProject
Project("{9A19103F-16F7-4668-BE54-9A1E7A4F7556}") = "ACI.Reservations.Test.Integration", "ACI.Reservations.Test.Integration\ACI.Reservations.Test.Integration.csproj", "{C5C06B11-48E9-4FDB-B3E3-EAD934745A30}"
EndProject
Project("{9A19103F-16F7-4668-BE54-9A1E7A4F7556}") = "ReservationService.Tests", "ReservationService.Tests\ReservationService.Tests.csproj", "{A98416B2-CA03-4DBC-B355-CE6252A54F23}"
EndProject
Project("{9A19103F-16F7-4668-BE54-9A1E7A4F7556}") = "NoteService.Tests", "NoteService.Tests\NoteService.Tests.csproj", "{E062F40E-740B-49EF-9AFC-685E8C19C3BE}"
EndProject
Project("{9A19103F-16F7-4668-BE54-9A1E7A4F7556}") = "ACI.Images", "ACI.Images\ACI.Images.csproj", "{19B83DC5-5E41-4E8F-976C-B20C24943FDF}"
EndProject
Project("{9A19103F-16F7-4668-BE54-9A1E7A4F7556}") = "ACI.Images.Test.Unit", "ACI.Images.Test.Unit\ACI.Images.Test.Unit.csproj", "{E30C343C-ACE4-430C-8880-378508458B8D}"
EndProject
Project("{9A19103F-16F7-4668-BE54-9A1E7A4F7556}") = "ACI.Images.Test.Integration", "Aci.Images.Test.Integration\ACI.Images.Test.Integration.csproj", "{C6CB8821-477F-4EA4-B615-EE1D2EEA4D06}"
EndProject
Global
	GlobalSection(SolutionConfigurationPlatforms) = preSolution
		Debug|Any CPU = Debug|Any CPU
		Release|Any CPU = Release|Any CPU
	EndGlobalSection
	GlobalSection(ProjectConfigurationPlatforms) = postSolution
		{FB1CCC2A-7FF1-46A7-8C97-AC5829EDCDED}.Debug|Any CPU.ActiveCfg = Debug|Any CPU
		{FB1CCC2A-7FF1-46A7-8C97-AC5829EDCDED}.Debug|Any CPU.Build.0 = Debug|Any CPU
		{FB1CCC2A-7FF1-46A7-8C97-AC5829EDCDED}.Release|Any CPU.ActiveCfg = Release|Any CPU
		{FB1CCC2A-7FF1-46A7-8C97-AC5829EDCDED}.Release|Any CPU.Build.0 = Release|Any CPU
		{4220F943-46E9-461D-A3E3-0C2816077EEE}.Debug|Any CPU.ActiveCfg = Debug|Any CPU
		{4220F943-46E9-461D-A3E3-0C2816077EEE}.Debug|Any CPU.Build.0 = Debug|Any CPU
		{4220F943-46E9-461D-A3E3-0C2816077EEE}.Release|Any CPU.ActiveCfg = Release|Any CPU
		{4220F943-46E9-461D-A3E3-0C2816077EEE}.Release|Any CPU.Build.0 = Release|Any CPU
		{B7A4974C-85F7-4B96-8667-F77F8897711D}.Debug|Any CPU.ActiveCfg = Debug|Any CPU
		{B7A4974C-85F7-4B96-8667-F77F8897711D}.Debug|Any CPU.Build.0 = Debug|Any CPU
		{B7A4974C-85F7-4B96-8667-F77F8897711D}.Release|Any CPU.ActiveCfg = Release|Any CPU
		{B7A4974C-85F7-4B96-8667-F77F8897711D}.Release|Any CPU.Build.0 = Release|Any CPU
		{D3CC8E68-2C05-44B1-8CB3-7359A9965DB2}.Debug|Any CPU.ActiveCfg = Debug|Any CPU
		{D3CC8E68-2C05-44B1-8CB3-7359A9965DB2}.Debug|Any CPU.Build.0 = Debug|Any CPU
		{D3CC8E68-2C05-44B1-8CB3-7359A9965DB2}.Release|Any CPU.ActiveCfg = Release|Any CPU
		{D3CC8E68-2C05-44B1-8CB3-7359A9965DB2}.Release|Any CPU.Build.0 = Release|Any CPU
		{636CD5E2-C10B-4ED2-921E-49C7A5BC5E3A}.Debug|Any CPU.ActiveCfg = Debug|Any CPU
		{636CD5E2-C10B-4ED2-921E-49C7A5BC5E3A}.Debug|Any CPU.Build.0 = Debug|Any CPU
		{636CD5E2-C10B-4ED2-921E-49C7A5BC5E3A}.Release|Any CPU.ActiveCfg = Release|Any CPU
		{636CD5E2-C10B-4ED2-921E-49C7A5BC5E3A}.Release|Any CPU.Build.0 = Release|Any CPU
		{18B6FDBC-0A83-45DC-B290-ED81D6DE99D6}.Debug|Any CPU.ActiveCfg = Debug|Any CPU
		{18B6FDBC-0A83-45DC-B290-ED81D6DE99D6}.Debug|Any CPU.Build.0 = Debug|Any CPU
		{18B6FDBC-0A83-45DC-B290-ED81D6DE99D6}.Release|Any CPU.ActiveCfg = Release|Any CPU
		{18B6FDBC-0A83-45DC-B290-ED81D6DE99D6}.Release|Any CPU.Build.0 = Release|Any CPU
		{06E12AFE-BE3D-49F0-9BAB-C477B39C2C0C}.Debug|Any CPU.ActiveCfg = Debug|Any CPU
		{06E12AFE-BE3D-49F0-9BAB-C477B39C2C0C}.Debug|Any CPU.Build.0 = Debug|Any CPU
		{06E12AFE-BE3D-49F0-9BAB-C477B39C2C0C}.Release|Any CPU.ActiveCfg = Release|Any CPU
		{06E12AFE-BE3D-49F0-9BAB-C477B39C2C0C}.Release|Any CPU.Build.0 = Release|Any CPU
		{C61F292D-BE70-483A-A9EC-490317F3B6F9}.Debug|Any CPU.ActiveCfg = Debug|Any CPU
		{C61F292D-BE70-483A-A9EC-490317F3B6F9}.Debug|Any CPU.Build.0 = Debug|Any CPU
		{C61F292D-BE70-483A-A9EC-490317F3B6F9}.Release|Any CPU.ActiveCfg = Release|Any CPU
		{C61F292D-BE70-483A-A9EC-490317F3B6F9}.Release|Any CPU.Build.0 = Release|Any CPU
		{C5C06B11-48E9-4FDB-B3E3-EAD934745A30}.Debug|Any CPU.ActiveCfg = Debug|Any CPU
		{C5C06B11-48E9-4FDB-B3E3-EAD934745A30}.Debug|Any CPU.Build.0 = Debug|Any CPU
		{C5C06B11-48E9-4FDB-B3E3-EAD934745A30}.Release|Any CPU.ActiveCfg = Release|Any CPU
		{C5C06B11-48E9-4FDB-B3E3-EAD934745A30}.Release|Any CPU.Build.0 = Release|Any CPU
		{A98416B2-CA03-4DBC-B355-CE6252A54F23}.Debug|Any CPU.ActiveCfg = Debug|Any CPU
		{A98416B2-CA03-4DBC-B355-CE6252A54F23}.Debug|Any CPU.Build.0 = Debug|Any CPU
		{A98416B2-CA03-4DBC-B355-CE6252A54F23}.Release|Any CPU.ActiveCfg = Release|Any CPU
		{A98416B2-CA03-4DBC-B355-CE6252A54F23}.Release|Any CPU.Build.0 = Release|Any CPU
		{E062F40E-740B-49EF-9AFC-685E8C19C3BE}.Debug|Any CPU.ActiveCfg = Debug|Any CPU
		{E062F40E-740B-49EF-9AFC-685E8C19C3BE}.Debug|Any CPU.Build.0 = Debug|Any CPU
		{E062F40E-740B-49EF-9AFC-685E8C19C3BE}.Release|Any CPU.ActiveCfg = Release|Any CPU
		{E062F40E-740B-49EF-9AFC-685E8C19C3BE}.Release|Any CPU.Build.0 = Release|Any CPU
		{19B83DC5-5E41-4E8F-976C-B20C24943FDF}.Debug|Any CPU.ActiveCfg = Debug|Any CPU
		{19B83DC5-5E41-4E8F-976C-B20C24943FDF}.Debug|Any CPU.Build.0 = Debug|Any CPU
		{19B83DC5-5E41-4E8F-976C-B20C24943FDF}.Release|Any CPU.ActiveCfg = Release|Any CPU
		{19B83DC5-5E41-4E8F-976C-B20C24943FDF}.Release|Any CPU.Build.0 = Release|Any CPU
		{E30C343C-ACE4-430C-8880-378508458B8D}.Debug|Any CPU.ActiveCfg = Debug|Any CPU
		{E30C343C-ACE4-430C-8880-378508458B8D}.Debug|Any CPU.Build.0 = Debug|Any CPU
		{E30C343C-ACE4-430C-8880-378508458B8D}.Release|Any CPU.ActiveCfg = Release|Any CPU
		{E30C343C-ACE4-430C-8880-378508458B8D}.Release|Any CPU.Build.0 = Release|Any CPU
		{C6CB8821-477F-4EA4-B615-EE1D2EEA4D06}.Debug|Any CPU.ActiveCfg = Debug|Any CPU
		{C6CB8821-477F-4EA4-B615-EE1D2EEA4D06}.Debug|Any CPU.Build.0 = Debug|Any CPU
		{C6CB8821-477F-4EA4-B615-EE1D2EEA4D06}.Release|Any CPU.ActiveCfg = Release|Any CPU
		{C6CB8821-477F-4EA4-B615-EE1D2EEA4D06}.Release|Any CPU.Build.0 = Release|Any CPU
	EndGlobalSection
	GlobalSection(SolutionProperties) = preSolution
		HideSolutionNode = FALSE
	EndGlobalSection
	GlobalSection(ExtensibilityGlobals) = postSolution
		SolutionGuid = {C7CACD10-2C21-4BCB-B034-C0E169E2AC00}
	EndGlobalSection
EndGlobal
